Microsoft Visual Studio Solution File, Format Version 11.00
# Visual Studio 2010
Project("{FAE04EC0-301F-11D3-BF4B-00C04F79EFBC}") = "Assembly-CSharp", "Assembly-CSharp.csproj", "{C59D9EA4-BCDB-934D-D532-A4046BADEFA2}"
EndProject
Project("{FAE04EC0-301F-11D3-BF4B-00C04F79EFBC}") = "Assembly-CSharp-Editor", "Assembly-CSharp-Editor.csproj", "{EBAD9336-B580-C274-A24C-A8EDF844ECCC}"
EndProject
Global
	GlobalSection(SolutionConfigurationPlatforms) = preSolution
		Debug|Any CPU = Debug|Any CPU
		Release|Any CPU = Release|Any CPU
	EndGlobalSection
	GlobalSection(ProjectConfigurationPlatforms) = postSolution
		{C59D9EA4-BCDB-934D-D532-A4046BADEFA2}.Debug|Any CPU.ActiveCfg = Debug|Any CPU
		{C59D9EA4-BCDB-934D-D532-A4046BADEFA2}.Debug|Any CPU.Build.0 = Debug|Any CPU
		{C59D9EA4-BCDB-934D-D532-A4046BADEFA2}.Release|Any CPU.ActiveCfg = Release|Any CPU
		{C59D9EA4-BCDB-934D-D532-A4046BADEFA2}.Release|Any CPU.Build.0 = Release|Any CPU
		{EBAD9336-B580-C274-A24C-A8EDF844ECCC}.Debug|Any CPU.ActiveCfg = Debug|Any CPU
		{EBAD9336-B580-C274-A24C-A8EDF844ECCC}.Debug|Any CPU.Build.0 = Debug|Any CPU
		{EBAD9336-B580-C274-A24C-A8EDF844ECCC}.Release|Any CPU.ActiveCfg = Release|Any CPU
		{EBAD9336-B580-C274-A24C-A8EDF844ECCC}.Release|Any CPU.Build.0 = Release|Any CPU
	EndGlobalSection
	GlobalSection(SolutionProperties) = preSolution
		HideSolutionNode = FALSE
	EndGlobalSection
	GlobalSection(MonoDevelopProperties) = preSolution
		StartupItem = Assembly-CSharp.csproj
	EndGlobalSection
EndGlobal
